
Microsoft Visual Studio Solution File, Format Version 12.00
# Visual Studio Version 16
VisualStudioVersion = 16.0.29911.84
MinimumVisualStudioVersion = 10.0.40219.1
Project("{FAE04EC0-301F-11D3-BF4B-00C04F79EFBC}") = "DevelopWarzz", "DevelopWarzz\DevelopWarzz.csproj", "{75566F49-24F9-4427-A97B-95B088F72E9B}"
EndProject
Project("{FAE04EC0-301F-11D3-BF4B-00C04F79EFBC}") = "DevelopWar", "DevelopWar\DevelopWar.csproj", "{1B1AD1A4-83E8-4F50-9FFE-1B41DB5D4656}"
EndProject
Project("{FAE04EC0-301F-11D3-BF4B-00C04F79EFBC}") = "UserLibrary", "UserLibrary\UserLibrary.csproj", "{73FAA8CC-364E-4AB2-94F1-9948883D75A4}"
EndProject
Global
	GlobalSection(SolutionConfigurationPlatforms) = preSolution
		Debug|Any CPU = Debug|Any CPU
		Release|Any CPU = Release|Any CPU
	EndGlobalSection
	GlobalSection(ProjectConfigurationPlatforms) = postSolution
		{75566F49-24F9-4427-A97B-95B088F72E9B}.Debug|Any CPU.ActiveCfg = Debug|Any CPU
		{75566F49-24F9-4427-A97B-95B088F72E9B}.Debug|Any CPU.Build.0 = Debug|Any CPU
		{75566F49-24F9-4427-A97B-95B088F72E9B}.Release|Any CPU.ActiveCfg = Release|Any CPU
		{75566F49-24F9-4427-A97B-95B088F72E9B}.Release|Any CPU.Build.0 = Release|Any CPU
		{1B1AD1A4-83E8-4F50-9FFE-1B41DB5D4656}.Debug|Any CPU.ActiveCfg = Debug|Any CPU
		{1B1AD1A4-83E8-4F50-9FFE-1B41DB5D4656}.Debug|Any CPU.Build.0 = Debug|Any CPU
		{1B1AD1A4-83E8-4F50-9FFE-1B41DB5D4656}.Release|Any CPU.ActiveCfg = Release|Any CPU
		{1B1AD1A4-83E8-4F50-9FFE-1B41DB5D4656}.Release|Any CPU.Build.0 = Release|Any CPU
		{73FAA8CC-364E-4AB2-94F1-9948883D75A4}.Debug|Any CPU.ActiveCfg = Debug|Any CPU
		{73FAA8CC-364E-4AB2-94F1-9948883D75A4}.Debug|Any CPU.Build.0 = Debug|Any CPU
		{73FAA8CC-364E-4AB2-94F1-9948883D75A4}.Release|Any CPU.ActiveCfg = Release|Any CPU
		{73FAA8CC-364E-4AB2-94F1-9948883D75A4}.Release|Any CPU.Build.0 = Release|Any CPU
	EndGlobalSection
	GlobalSection(SolutionProperties) = preSolution
		HideSolutionNode = FALSE
	EndGlobalSection
	GlobalSection(ExtensibilityGlobals) = postSolution
		SolutionGuid = {B95458A8-73B2-4DB4-83AF-7B03CB18B5F4}
	EndGlobalSection
EndGlobal
